
Microsoft Visual Studio Solution File, Format Version 12.00
# Visual Studio Version 16
VisualStudioVersion = 16.0.30907.101
MinimumVisualStudioVersion = 10.0.40219.1
Project("{9A19103F-16F7-4668-BE54-9A1E7A4F7556}") = "Adverts.Application", "Adverts.Application\Adverts.Application.csproj", "{D62D1440-ED5A-4251-BB4A-414ED9DD347E}"
EndProject
Project("{2150E333-8FDC-42A3-9474-1A3956D46DE8}") = "src", "src", "{21801011-8A5A-4F6D-9102-D5D1BB1ED518}"
EndProject
Project("{9A19103F-16F7-4668-BE54-9A1E7A4F7556}") = "Adverts.Core", "Adverts.Core\Adverts.Core.csproj", "{098991CD-F510-44AF-8E92-592E3B1DF9C0}"
EndProject
Project("{9A19103F-16F7-4668-BE54-9A1E7A4F7556}") = "Adverts.Infrastructure", "Adverts.Infrastructure\Adverts.Infrastructure.csproj", "{EB42A7B8-44A5-43E2-A5C9-8853DD06B7EF}"
EndProject
Project("{9A19103F-16F7-4668-BE54-9A1E7A4F7556}") = "Adverts.Gateway.Api", "Adverts.Gateway.Api\Adverts.Gateway.Api.csproj", "{A01F97FF-7A2C-4A88-9714-32C9F8BF7A2F}"
EndProject
Project("{2150E333-8FDC-42A3-9474-1A3956D46DE8}") = "test", "test", "{34952332-8F2A-48D1-9D46-32E863134F89}"
EndProject
Project("{9A19103F-16F7-4668-BE54-9A1E7A4F7556}") = "Adverts.Core.Mapping", "Adverts.Core.Mapping\Adverts.Core.Mapping.csproj", "{C72B2E0D-2034-4ECE-B8E6-011E11E4EC67}"
EndProject
Project("{9A19103F-16F7-4668-BE54-9A1E7A4F7556}") = "Adverts.Application.Model", "Adverts.Application.Model\Adverts.Application.Model.csproj", "{D622561A-1286-4279-87AB-24DE41C4A550}"
EndProject
Project("{9A19103F-16F7-4668-BE54-9A1E7A4F7556}") = "Adverts.Common", "Adverts.Common\Adverts.Common.csproj", "{107A1E09-9C80-4F07-8145-F2AAF1CF3326}"
EndProject
Project("{2150E333-8FDC-42A3-9474-1A3956D46DE8}") = "Queues", "Queues", "{07BA15E1-2759-40E7-BBDF-E59A3B240D01}"
EndProject
Project("{9A19103F-16F7-4668-BE54-9A1E7A4F7556}") = "RabbitMQ.Producer", "RabbitMQ.Producer\RabbitMQ.Producer.csproj", "{028C055A-6795-4CF3-AAE8-591A39F87171}"
EndProject
Project("{9A19103F-16F7-4668-BE54-9A1E7A4F7556}") = "RabbitMQ.Consumer", "RabbitMQ.Consumer\RabbitMQ.Consumer.csproj", "{76D0C29F-0368-4695-BCA1-A4CFDA31BDEE}"
EndProject
Project("{9A19103F-16F7-4668-BE54-9A1E7A4F7556}") = "RabbitMQ.Base", "RabbitMQ.Base\RabbitMQ.Base.csproj", "{7C7FE5AB-ECD2-4F5D-ABC0-ECCE4A575699}"
EndProject
Project("{E53339B2-1760-4266-BCC7-CA923CBCF16C}") = "docker-compose", "docker-compose.dcproj", "{432E1CE3-87F0-4094-A8F8-F25E10DD4D3C}"
EndProject
Global
	GlobalSection(SolutionConfigurationPlatforms) = preSolution
		Debug|Any CPU = Debug|Any CPU
		Release|Any CPU = Release|Any CPU
	EndGlobalSection
	GlobalSection(ProjectConfigurationPlatforms) = postSolution
		{D62D1440-ED5A-4251-BB4A-414ED9DD347E}.Debug|Any CPU.ActiveCfg = Debug|Any CPU
		{D62D1440-ED5A-4251-BB4A-414ED9DD347E}.Debug|Any CPU.Build.0 = Debug|Any CPU
		{D62D1440-ED5A-4251-BB4A-414ED9DD347E}.Release|Any CPU.ActiveCfg = Release|Any CPU
		{D62D1440-ED5A-4251-BB4A-414ED9DD347E}.Release|Any CPU.Build.0 = Release|Any CPU
		{098991CD-F510-44AF-8E92-592E3B1DF9C0}.Debug|Any CPU.ActiveCfg = Debug|Any CPU
		{098991CD-F510-44AF-8E92-592E3B1DF9C0}.Debug|Any CPU.Build.0 = Debug|Any CPU
		{098991CD-F510-44AF-8E92-592E3B1DF9C0}.Release|Any CPU.ActiveCfg = Release|Any CPU
		{098991CD-F510-44AF-8E92-592E3B1DF9C0}.Release|Any CPU.Build.0 = Release|Any CPU
		{EB42A7B8-44A5-43E2-A5C9-8853DD06B7EF}.Debug|Any CPU.ActiveCfg = Debug|Any CPU
		{EB42A7B8-44A5-43E2-A5C9-8853DD06B7EF}.Debug|Any CPU.Build.0 = Debug|Any CPU
		{EB42A7B8-44A5-43E2-A5C9-8853DD06B7EF}.Release|Any CPU.ActiveCfg = Release|Any CPU
		{EB42A7B8-44A5-43E2-A5C9-8853DD06B7EF}.Release|Any CPU.Build.0 = Release|Any CPU
		{A01F97FF-7A2C-4A88-9714-32C9F8BF7A2F}.Debug|Any CPU.ActiveCfg = Debug|Any CPU
		{A01F97FF-7A2C-4A88-9714-32C9F8BF7A2F}.Debug|Any CPU.Build.0 = Debug|Any CPU
		{A01F97FF-7A2C-4A88-9714-32C9F8BF7A2F}.Release|Any CPU.ActiveCfg = Release|Any CPU
		{A01F97FF-7A2C-4A88-9714-32C9F8BF7A2F}.Release|Any CPU.Build.0 = Release|Any CPU
		{C72B2E0D-2034-4ECE-B8E6-011E11E4EC67}.Debug|Any CPU.ActiveCfg = Debug|Any CPU
		{C72B2E0D-2034-4ECE-B8E6-011E11E4EC67}.Debug|Any CPU.Build.0 = Debug|Any CPU
		{C72B2E0D-2034-4ECE-B8E6-011E11E4EC67}.Release|Any CPU.ActiveCfg = Release|Any CPU
		{C72B2E0D-2034-4ECE-B8E6-011E11E4EC67}.Release|Any CPU.Build.0 = Release|Any CPU
		{D622561A-1286-4279-87AB-24DE41C4A550}.Debug|Any CPU.ActiveCfg = Debug|Any CPU
		{D622561A-1286-4279-87AB-24DE41C4A550}.Debug|Any CPU.Build.0 = Debug|Any CPU
		{D622561A-1286-4279-87AB-24DE41C4A550}.Release|Any CPU.ActiveCfg = Release|Any CPU
		{D622561A-1286-4279-87AB-24DE41C4A550}.Release|Any CPU.Build.0 = Release|Any CPU
		{107A1E09-9C80-4F07-8145-F2AAF1CF3326}.Debug|Any CPU.ActiveCfg = Debug|Any CPU
		{107A1E09-9C80-4F07-8145-F2AAF1CF3326}.Debug|Any CPU.Build.0 = Debug|Any CPU
		{107A1E09-9C80-4F07-8145-F2AAF1CF3326}.Release|Any CPU.ActiveCfg = Release|Any CPU
		{107A1E09-9C80-4F07-8145-F2AAF1CF3326}.Release|Any CPU.Build.0 = Release|Any CPU
		{028C055A-6795-4CF3-AAE8-591A39F87171}.Debug|Any CPU.ActiveCfg = Debug|Any CPU
		{028C055A-6795-4CF3-AAE8-591A39F87171}.Debug|Any CPU.Build.0 = Debug|Any CPU
		{028C055A-6795-4CF3-AAE8-591A39F87171}.Release|Any CPU.ActiveCfg = Release|Any CPU
		{028C055A-6795-4CF3-AAE8-591A39F87171}.Release|Any CPU.Build.0 = Release|Any CPU
		{76D0C29F-0368-4695-BCA1-A4CFDA31BDEE}.Debug|Any CPU.ActiveCfg = Debug|Any CPU
		{76D0C29F-0368-4695-BCA1-A4CFDA31BDEE}.Debug|Any CPU.Build.0 = Debug|Any CPU
		{76D0C29F-0368-4695-BCA1-A4CFDA31BDEE}.Release|Any CPU.ActiveCfg = Release|Any CPU
		{76D0C29F-0368-4695-BCA1-A4CFDA31BDEE}.Release|Any CPU.Build.0 = Release|Any CPU
		{7C7FE5AB-ECD2-4F5D-ABC0-ECCE4A575699}.Debug|Any CPU.ActiveCfg = Debug|Any CPU
		{7C7FE5AB-ECD2-4F5D-ABC0-ECCE4A575699}.Debug|Any CPU.Build.0 = Debug|Any CPU
		{7C7FE5AB-ECD2-4F5D-ABC0-ECCE4A575699}.Release|Any CPU.ActiveCfg = Release|Any CPU
		{7C7FE5AB-ECD2-4F5D-ABC0-ECCE4A575699}.Release|Any CPU.Build.0 = Release|Any CPU
		{432E1CE3-87F0-4094-A8F8-F25E10DD4D3C}.Debug|Any CPU.ActiveCfg = Debug|Any CPU
		{432E1CE3-87F0-4094-A8F8-F25E10DD4D3C}.Debug|Any CPU.Build.0 = Debug|Any CPU
		{432E1CE3-87F0-4094-A8F8-F25E10DD4D3C}.Release|Any CPU.ActiveCfg = Release|Any CPU
		{432E1CE3-87F0-4094-A8F8-F25E10DD4D3C}.Release|Any CPU.Build.0 = Release|Any CPU
	EndGlobalSection
	GlobalSection(SolutionProperties) = preSolution
		HideSolutionNode = FALSE
	EndGlobalSection
	GlobalSection(NestedProjects) = preSolution
		{D62D1440-ED5A-4251-BB4A-414ED9DD347E} = {21801011-8A5A-4F6D-9102-D5D1BB1ED518}
		{098991CD-F510-44AF-8E92-592E3B1DF9C0} = {21801011-8A5A-4F6D-9102-D5D1BB1ED518}
		{EB42A7B8-44A5-43E2-A5C9-8853DD06B7EF} = {21801011-8A5A-4F6D-9102-D5D1BB1ED518}
		{A01F97FF-7A2C-4A88-9714-32C9F8BF7A2F} = {21801011-8A5A-4F6D-9102-D5D1BB1ED518}
		{C72B2E0D-2034-4ECE-B8E6-011E11E4EC67} = {21801011-8A5A-4F6D-9102-D5D1BB1ED518}
		{D622561A-1286-4279-87AB-24DE41C4A550} = {21801011-8A5A-4F6D-9102-D5D1BB1ED518}
		{107A1E09-9C80-4F07-8145-F2AAF1CF3326} = {21801011-8A5A-4F6D-9102-D5D1BB1ED518}
		{07BA15E1-2759-40E7-BBDF-E59A3B240D01} = {21801011-8A5A-4F6D-9102-D5D1BB1ED518}
		{028C055A-6795-4CF3-AAE8-591A39F87171} = {07BA15E1-2759-40E7-BBDF-E59A3B240D01}
		{76D0C29F-0368-4695-BCA1-A4CFDA31BDEE} = {07BA15E1-2759-40E7-BBDF-E59A3B240D01}
		{7C7FE5AB-ECD2-4F5D-ABC0-ECCE4A575699} = {07BA15E1-2759-40E7-BBDF-E59A3B240D01}
	EndGlobalSection
	GlobalSection(ExtensibilityGlobals) = postSolution
		SolutionGuid = {29DD2CD3-9C5D-4A44-B34A-3F9CA0E6BBEA}
	EndGlobalSection
EndGlobal
